
Microsoft Visual Studio Solution File, Format Version 12.00
# Visual Studio Version 17
VisualStudioVersion = 17.14.36518.9
MinimumVisualStudioVersion = 10.0.40219.1
Project("{FAE04EC0-301F-11D3-BF4B-00C04F79EFBC}") = "Enum Struct Nullable", "Enum Struct Nullable\Enum Struct Nullable.csproj", "{D12D2AE6-65D5-40F8-A092-44883B4DFA63}"
EndProject
Project("{FAE04EC0-301F-11D3-BF4B-00C04F79EFBC}") = "Custom Exception", "Custom Exception\Custom Exception.csproj", "{E13EE342-ABD9-4B49-BBC6-E239ADD3AC0D}"
EndProject
Project("{FAE04EC0-301F-11D3-BF4B-00C04F79EFBC}") = "Weapon", "Weapon\Weapon.csproj", "{12192AC2-76B4-4BF0-98EC-DC6FDA234F3C}"
EndProject
Global
	GlobalSection(SolutionConfigurationPlatforms) = preSolution
		Debug|Any CPU = Debug|Any CPU
		Release|Any CPU = Release|Any CPU
	EndGlobalSection
	GlobalSection(ProjectConfigurationPlatforms) = postSolution
		{D12D2AE6-65D5-40F8-A092-44883B4DFA63}.Debug|Any CPU.ActiveCfg = Debug|Any CPU
		{D12D2AE6-65D5-40F8-A092-44883B4DFA63}.Debug|Any CPU.Build.0 = Debug|Any CPU
		{D12D2AE6-65D5-40F8-A092-44883B4DFA63}.Release|Any CPU.ActiveCfg = Release|Any CPU
		{D12D2AE6-65D5-40F8-A092-44883B4DFA63}.Release|Any CPU.Build.0 = Release|Any CPU
		{E13EE342-ABD9-4B49-BBC6-E239ADD3AC0D}.Debug|Any CPU.ActiveCfg = Debug|Any CPU
		{E13EE342-ABD9-4B49-BBC6-E239ADD3AC0D}.Debug|Any CPU.Build.0 = Debug|Any CPU
		{E13EE342-ABD9-4B49-BBC6-E239ADD3AC0D}.Release|Any CPU.ActiveCfg = Release|Any CPU
		{E13EE342-ABD9-4B49-BBC6-E239ADD3AC0D}.Release|Any CPU.Build.0 = Release|Any CPU
		{12192AC2-76B4-4BF0-98EC-DC6FDA234F3C}.Debug|Any CPU.ActiveCfg = Debug|Any CPU
		{12192AC2-76B4-4BF0-98EC-DC6FDA234F3C}.Debug|Any CPU.Build.0 = Debug|Any CPU
		{12192AC2-76B4-4BF0-98EC-DC6FDA234F3C}.Release|Any CPU.ActiveCfg = Release|Any CPU
		{12192AC2-76B4-4BF0-98EC-DC6FDA234F3C}.Release|Any CPU.Build.0 = Release|Any CPU
	EndGlobalSection
	GlobalSection(SolutionProperties) = preSolution
		HideSolutionNode = FALSE
	EndGlobalSection
	GlobalSection(ExtensibilityGlobals) = postSolution
		SolutionGuid = {32B03BDB-876F-4C73-A507-F770BF243C0B}
	EndGlobalSection
EndGlobal
